
Microsoft Visual Studio Solution File, Format Version 12.00
Project("{FAE04EC0-301F-11D3-BF4B-00C04F79EFBC}") = "FiguresMathLibrary", "FiguresMathLibrary\FiguresMathLibrary.csproj", "{3893F484-17E6-4357-9EA5-2617A26B279B}"
EndProject
Global
	GlobalSection(SolutionConfigurationPlatforms) = preSolution
		Debug|Any CPU = Debug|Any CPU
		Release|Any CPU = Release|Any CPU
	EndGlobalSection
	GlobalSection(ProjectConfigurationPlatforms) = postSolution
		{3893F484-17E6-4357-9EA5-2617A26B279B}.Debug|Any CPU.ActiveCfg = Debug|Any CPU
		{3893F484-17E6-4357-9EA5-2617A26B279B}.Debug|Any CPU.Build.0 = Debug|Any CPU
		{3893F484-17E6-4357-9EA5-2617A26B279B}.Release|Any CPU.ActiveCfg = Release|Any CPU
		{3893F484-17E6-4357-9EA5-2617A26B279B}.Release|Any CPU.Build.0 = Release|Any CPU
	EndGlobalSection
EndGlobal
